{
  "name": "tunArt",
  "lockfileVersion": 2,
  "requires": true,
  "packages": {
    "": {
      "dependencies": {
        "carousel": "^0.0.3"
      }
    },
    "node_modules/carousel": {
      "version": "0.0.3",
      "resolved": "https://registry.npmjs.org/carousel/-/carousel-0.0.3.tgz",
      "integrity": "sha512-7/6BwcKV4vepSCpurqJxTJlcigZAjU+RdhyRcye1RNEU/a8N8k7/jprMa7DGcVvP+A8xaHHvWqWq2qygJr1jcw==",
      "dependencies": {
        "domready": "~0.2.12"
      }
    },
    "node_modules/domready": {
      "version": "0.2.13",
      "resolved": "https://registry.npmjs.org/domready/-/domready-0.2.13.tgz",
      "integrity": "sha512-32G1m2FCiSLdxRVnamVdMVpgpSyE4aesx8Bof8Usm6dGpq+19PAXFtrKWWRYJoaSIfwTVTHV5wlQyyZ4aHhauA=="
    }
  },
  "dependencies": {
    "carousel": {
      "version": "0.0.3",
      "resolved": "https://registry.npmjs.org/carousel/-/carousel-0.0.3.tgz",
      "integrity": "sha512-7/6BwcKV4vepSCpurqJxTJlcigZAjU+RdhyRcye1RNEU/a8N8k7/jprMa7DGcVvP+A8xaHHvWqWq2qygJr1jcw==",
      "requires": {
        "domready": "~0.2.12"
      }
    },
    "domready": {
      "version": "0.2.13",
      "resolved": "https://registry.npmjs.org/domready/-/domready-0.2.13.tgz",
      "integrity": "sha512-32G1m2FCiSLdxRVnamVdMVpgpSyE4aesx8Bof8Usm6dGpq+19PAXFtrKWWRYJoaSIfwTVTHV5wlQyyZ4aHhauA=="
    }
  }
}
